// !$*UTF8*$!
{
	archiveVersion = 1;
	classes = {
	};
	objectVersion = 56;
	objects = {

/* Begin PBXBuildFile section */
		11019BC22A68FEF70023B0B4 /* FoodListView.swift in Sources */ = {isa = PBXBuildFile; fileRef = 11019BC12A68FEF70023B0B4 /* FoodListView.swift */; };
		113347342D6C5B1F00F1A6EE /* FoodPlaceViewModel.swift in Sources */ = {isa = PBXBuildFile; fileRef = 113347332D6C5B1F00F1A6EE /* FoodPlaceViewModel.swift */; };
		113347362D6C63A600F1A6EE /* BadgeList.swift in Sources */ = {isa = PBXBuildFile; fileRef = 113347352D6C63A600F1A6EE /* BadgeList.swift */; };
		115761C22A6A1E810040F483 /* MockData.json in Resources */ = {isa = PBXBuildFile; fileRef = 115761C12A6A1E810040F483 /* MockData.json */; };
		116230242D6C83CF006F6B86 /* WrappingHStack in Frameworks */ = {isa = PBXBuildFile; productRef = 116230232D6C83CF006F6B86 /* WrappingHStack */; };
		117DC15D2A775DD600C14E17 /* MapView.swift in Sources */ = {isa = PBXBuildFile; fileRef = 117DC15C2A775DD600C14E17 /* MapView.swift */; };
		117DC15F2A775ED500C14E17 /* FoodSelectRow.swift in Sources */ = {isa = PBXBuildFile; fileRef = 117DC15E2A775ED500C14E17 /* FoodSelectRow.swift */; };
		117DC1672A77755A00C14E17 /* CustomImage.swift in Sources */ = {isa = PBXBuildFile; fileRef = 117DC1662A77755A00C14E17 /* CustomImage.swift */; };
		117DC1692A777DEB00C14E17 /* FoodItemDetailView.swift in Sources */ = {isa = PBXBuildFile; fileRef = 117DC1682A777DEB00C14E17 /* FoodItemDetailView.swift */; };
		117DC16B2A77930100C14E17 /* InfoRow.swift in Sources */ = {isa = PBXBuildFile; fileRef = 117DC16A2A77930100C14E17 /* InfoRow.swift */; };
		117DC16D2A78BB4100C14E17 /* View+Exts.swift in Sources */ = {isa = PBXBuildFile; fileRef = 117DC16C2A78BB4100C14E17 /* View+Exts.swift */; };
		11B1826F2A679735001CF159 /* My_FavouriteApp.swift in Sources */ = {isa = PBXBuildFile; fileRef = 11B1826E2A679735001CF159 /* My_FavouriteApp.swift */; };
		11B182712A679735001CF159 /* MainView.swift in Sources */ = {isa = PBXBuildFile; fileRef = 11B182702A679735001CF159 /* MainView.swift */; };
		11B182732A679736001CF159 /* Assets.xcassets in Resources */ = {isa = PBXBuildFile; fileRef = 11B182722A679736001CF159 /* Assets.xcassets */; };
		11B182762A679736001CF159 /* Preview Assets.xcassets in Resources */ = {isa = PBXBuildFile; fileRef = 11B182752A679736001CF159 /* Preview Assets.xcassets */; };
		11B82C482D6D787600BC5D69 /* Constant.swift in Sources */ = {isa = PBXBuildFile; fileRef = 11B82C472D6D787600BC5D69 /* Constant.swift */; };
		11D211952A67B2010038DCBF /* Zeyada-Regular.ttf in Resources */ = {isa = PBXBuildFile; fileRef = 11D211942A67B2010038DCBF /* Zeyada-Regular.ttf */; };
		11D211972A67B2110038DCBF /* AbrilFatface-Regular.ttf in Resources */ = {isa = PBXBuildFile; fileRef = 11D211962A67B2110038DCBF /* AbrilFatface-Regular.ttf */; };
		11D4B18F2A6A25B1006AD18C /* FoodItemView.swift in Sources */ = {isa = PBXBuildFile; fileRef = 11D4B18E2A6A25B1006AD18C /* FoodItemView.swift */; };
		11D4B1932A6A296B006AD18C /* FoodPlace.swift in Sources */ = {isa = PBXBuildFile; fileRef = 11D4B1922A6A296B006AD18C /* FoodPlace.swift */; };
		11D509A82D6F07C800B12C2C /* Splash Screen.storyboard in Resources */ = {isa = PBXBuildFile; fileRef = 11D509A72D6F07C800B12C2C /* Splash Screen.storyboard */; };
/* End PBXBuildFile section */

/* Begin PBXFileReference section */
		11019BC12A68FEF70023B0B4 /* FoodListView.swift */ = {isa = PBXFileReference; lastKnownFileType = sourcecode.swift; path = FoodListView.swift; sourceTree = "<group>"; };
		113347332D6C5B1F00F1A6EE /* FoodPlaceViewModel.swift */ = {isa = PBXFileReference; lastKnownFileType = sourcecode.swift; path = FoodPlaceViewModel.swift; sourceTree = "<group>"; };
		113347352D6C63A600F1A6EE /* BadgeList.swift */ = {isa = PBXFileReference; lastKnownFileType = sourcecode.swift; path = BadgeList.swift; sourceTree = "<group>"; };
		115761C12A6A1E810040F483 /* MockData.json */ = {isa = PBXFileReference; lastKnownFileType = text.json; path = MockData.json; sourceTree = "<group>"; };
		117DC15C2A775DD600C14E17 /* MapView.swift */ = {isa = PBXFileReference; lastKnownFileType = sourcecode.swift; path = MapView.swift; sourceTree = "<group>"; };
		117DC15E2A775ED500C14E17 /* FoodSelectRow.swift */ = {isa = PBXFileReference; lastKnownFileType = sourcecode.swift; path = FoodSelectRow.swift; sourceTree = "<group>"; };
		117DC1662A77755A00C14E17 /* CustomImage.swift */ = {isa = PBXFileReference; lastKnownFileType = sourcecode.swift; path = CustomImage.swift; sourceTree = "<group>"; };
		117DC1682A777DEB00C14E17 /* FoodItemDetailView.swift */ = {isa = PBXFileReference; lastKnownFileType = sourcecode.swift; path = FoodItemDetailView.swift; sourceTree = "<group>"; };
		117DC16A2A77930100C14E17 /* InfoRow.swift */ = {isa = PBXFileReference; lastKnownFileType = sourcecode.swift; path = InfoRow.swift; sourceTree = "<group>"; };
		117DC16C2A78BB4100C14E17 /* View+Exts.swift */ = {isa = PBXFileReference; lastKnownFileType = sourcecode.swift; path = "View+Exts.swift"; sourceTree = "<group>"; };
		11B1826B2A679735001CF159 /* My Favourite.app */ = {isa = PBXFileReference; explicitFileType = wrapper.application; includeInIndex = 0; path = "My Favourite.app"; sourceTree = BUILT_PRODUCTS_DIR; };
		11B1826E2A679735001CF159 /* My_FavouriteApp.swift */ = {isa = PBXFileReference; lastKnownFileType = sourcecode.swift; path = My_FavouriteApp.swift; sourceTree = "<group>"; };
		11B182702A679735001CF159 /* MainView.swift */ = {isa = PBXFileReference; lastKnownFileType = sourcecode.swift; path = MainView.swift; sourceTree = "<group>"; };
		11B182722A679736001CF159 /* Assets.xcassets */ = {isa = PBXFileReference; lastKnownFileType = folder.assetcatalog; path = Assets.xcassets; sourceTree = "<group>"; };
		11B182752A679736001CF159 /* Preview Assets.xcassets */ = {isa = PBXFileReference; lastKnownFileType = folder.assetcatalog; path = "Preview Assets.xcassets"; sourceTree = "<group>"; };
		11B82C472D6D787600BC5D69 /* Constant.swift */ = {isa = PBXFileReference; lastKnownFileType = sourcecode.swift; path = Constant.swift; sourceTree = "<group>"; };
		11D211942A67B2010038DCBF /* Zeyada-Regular.ttf */ = {isa = PBXFileReference; lastKnownFileType = file; path = "Zeyada-Regular.ttf"; sourceTree = "<group>"; };
		11D211962A67B2110038DCBF /* AbrilFatface-Regular.ttf */ = {isa = PBXFileReference; lastKnownFileType = file; path = "AbrilFatface-Regular.ttf"; sourceTree = "<group>"; };
		11D4B18E2A6A25B1006AD18C /* FoodItemView.swift */ = {isa = PBXFileReference; lastKnownFileType = sourcecode.swift; path = FoodItemView.swift; sourceTree = "<group>"; };
		11D4B1922A6A296B006AD18C /* FoodPlace.swift */ = {isa = PBXFileReference; lastKnownFileType = sourcecode.swift; path = FoodPlace.swift; sourceTree = "<group>"; };
		11D509A72D6F07C800B12C2C /* Splash Screen.storyboard */ = {isa = PBXFileReference; lastKnownFileType = file.storyboard; path = "Splash Screen.storyboard"; sourceTree = "<group>"; };
/* End PBXFileReference section */

/* Begin PBXFrameworksBuildPhase section */
		11B182682A679735001CF159 /* Frameworks */ = {
			isa = PBXFrameworksBuildPhase;
			buildActionMask = 2147483647;
			files = (
				116230242D6C83CF006F6B86 /* WrappingHStack in Frameworks */,
			);
			runOnlyForDeploymentPostprocessing = 0;
		};
/* End PBXFrameworksBuildPhase section */

/* Begin PBXGroup section */
		113347302D6C5ACC00F1A6EE /* ViewModel */ = {
			isa = PBXGroup;
			children = (
				113347332D6C5B1F00F1A6EE /* FoodPlaceViewModel.swift */,
			);
			path = ViewModel;
			sourceTree = "<group>";
		};
		113622A52D6C593D0090C73F /* Components */ = {
			isa = PBXGroup;
			children = (
				117DC15E2A775ED500C14E17 /* FoodSelectRow.swift */,
				117DC1662A77755A00C14E17 /* CustomImage.swift */,
				117DC16A2A77930100C14E17 /* InfoRow.swift */,
				113347352D6C63A600F1A6EE /* BadgeList.swift */,
			);
			path = Components;
			sourceTree = "<group>";
		};
		113622A62D6C5A5C0090C73F /* Extension */ = {
			isa = PBXGroup;
			children = (
				117DC16C2A78BB4100C14E17 /* View+Exts.swift */,
			);
			path = Extension;
			sourceTree = "<group>";
		};
		117DC1572A775A7B00C14E17 /* View */ = {
			isa = PBXGroup;
			children = (
				113622A52D6C593D0090C73F /* Components */,
				117DC1592A775B0C00C14E17 /* Screen */,
			);
			path = View;
			sourceTree = "<group>";
		};
		117DC1582A775AED00C14E17 /* Modal */ = {
			isa = PBXGroup;
			children = (
				11D4B1922A6A296B006AD18C /* FoodPlace.swift */,
			);
			path = Modal;
			sourceTree = "<group>";
		};
		117DC1592A775B0C00C14E17 /* Screen */ = {
			isa = PBXGroup;
			children = (
				11D4B18E2A6A25B1006AD18C /* FoodItemView.swift */,
				11019BC12A68FEF70023B0B4 /* FoodListView.swift */,
				117DC15C2A775DD600C14E17 /* MapView.swift */,
				117DC1682A777DEB00C14E17 /* FoodItemDetailView.swift */,
			);
			path = Screen;
			sourceTree = "<group>";
		};
		117DC15A2A775BD000C14E17 /* Utils */ = {
			isa = PBXGroup;
			children = (
				115761C12A6A1E810040F483 /* MockData.json */,
				11B82C472D6D787600BC5D69 /* Constant.swift */,
			);
			path = Utils;
			sourceTree = "<group>";
		};
		11B182622A679735001CF159 = {
			isa = PBXGroup;
			children = (
				11B1826D2A679735001CF159 /* My Favourite */,
				11B1826C2A679735001CF159 /* Products */,
			);
			sourceTree = "<group>";
		};
		11B1826C2A679735001CF159 /* Products */ = {
			isa = PBXGroup;
			children = (
				11B1826B2A679735001CF159 /* My Favourite.app */,
			);
			name = Products;
			sourceTree = "<group>";
		};
		11B1826D2A679735001CF159 /* My Favourite */ = {
			isa = PBXGroup;
			children = (
				113347302D6C5ACC00F1A6EE /* ViewModel */,
				113622A62D6C5A5C0090C73F /* Extension */,
				117DC15A2A775BD000C14E17 /* Utils */,
				11D211932A67B1DD0038DCBF /* Font */,
				11B1826E2A679735001CF159 /* My_FavouriteApp.swift */,
				11B182702A679735001CF159 /* MainView.swift */,
				117DC1582A775AED00C14E17 /* Modal */,
				117DC1572A775A7B00C14E17 /* View */,
				11B182722A679736001CF159 /* Assets.xcassets */,
				11B182742A679736001CF159 /* Preview Content */,
				11D509A72D6F07C800B12C2C /* Splash Screen.storyboard */,
			);
			path = "My Favourite";
			sourceTree = "<group>";
		};
		11B182742A679736001CF159 /* Preview Content */ = {
			isa = PBXGroup;
			children = (
				11B182752A679736001CF159 /* Preview Assets.xcassets */,
			);
			path = "Preview Content";
			sourceTree = "<group>";
		};
		11D211932A67B1DD0038DCBF /* Font */ = {
			isa = PBXGroup;
			children = (
				11D211962A67B2110038DCBF /* AbrilFatface-Regular.ttf */,
				11D211942A67B2010038DCBF /* Zeyada-Regular.ttf */,
			);
			path = Font;
			sourceTree = "<group>";
		};
/* End PBXGroup section */

/* Begin PBXNativeTarget section */
		11B1826A2A679735001CF159 /* My Favourite */ = {
			isa = PBXNativeTarget;
			buildConfigurationList = 11B182792A679736001CF159 /* Build configuration list for PBXNativeTarget "My Favourite" */;
			buildPhases = (
				11B182672A679735001CF159 /* Sources */,
				11B182682A679735001CF159 /* Frameworks */,
				11B182692A679735001CF159 /* Resources */,
			);
			buildRules = (
			);
			dependencies = (
			);
			name = "My Favourite";
			packageProductDependencies = (
				116230232D6C83CF006F6B86 /* WrappingHStack */,
			);
			productName = "My Favourite";
			productReference = 11B1826B2A679735001CF159 /* My Favourite.app */;
			productType = "com.apple.product-type.application";
		};
/* End PBXNativeTarget section */

/* Begin PBXProject section */
		11B182632A679735001CF159 /* Project object */ = {
			isa = PBXProject;
			attributes = {
				BuildIndependentTargetsInParallel = 1;
				LastSwiftUpdateCheck = 1430;
				LastUpgradeCheck = 1430;
				TargetAttributes = {
					11B1826A2A679735001CF159 = {
						CreatedOnToolsVersion = 14.3.1;
					};
				};
			};
			buildConfigurationList = 11B182662A679735001CF159 /* Build configuration list for PBXProject "My Favourite" */;
			compatibilityVersion = "Xcode 14.0";
			developmentRegion = en;
			hasScannedForEncodings = 0;
			knownRegions = (
				en,
				Base,
			);
			mainGroup = 11B182622A679735001CF159;
			packageReferences = (
				116230222D6C83CF006F6B86 /* XCRemoteSwiftPackageReference "WrappingHStack" */,
			);
			productRefGroup = 11B1826C2A679735001CF159 /* Products */;
			projectDirPath = "";
			projectRoot = "";
			targets = (
				11B1826A2A679735001CF159 /* My Favourite */,
			);
		};
/* End PBXProject section */

/* Begin PBXResourcesBuildPhase section */
		11B182692A679735001CF159 /* Resources */ = {
			isa = PBXResourcesBuildPhase;
			buildActionMask = 2147483647;
			files = (
				11D509A82D6F07C800B12C2C /* Splash Screen.storyboard in Resources */,
				11B182762A679736001CF159 /* Preview Assets.xcassets in Resources */,
				11D211952A67B2010038DCBF /* Zeyada-Regular.ttf in Resources */,
				115761C22A6A1E810040F483 /* MockData.json in Resources */,
				11B182732A679736001CF159 /* Assets.xcassets in Resources */,
				11D211972A67B2110038DCBF /* AbrilFatface-Regular.ttf in Resources */,
			);
			runOnlyForDeploymentPostprocessing = 0;
		};
/* End PBXResourcesBuildPhase section */

/* Begin PBXSourcesBuildPhase section */
		11B182672A679735001CF159 /* Sources */ = {
			isa = PBXSourcesBuildPhase;
			buildActionMask = 2147483647;
			files = (
				117DC15D2A775DD600C14E17 /* MapView.swift in Sources */,
				113347342D6C5B1F00F1A6EE /* FoodPlaceViewModel.swift in Sources */,
				11B182712A679735001CF159 /* MainView.swift in Sources */,
				11D4B1932A6A296B006AD18C /* FoodPlace.swift in Sources */,
				117DC15F2A775ED500C14E17 /* FoodSelectRow.swift in Sources */,
				113347362D6C63A600F1A6EE /* BadgeList.swift in Sources */,
				11B82C482D6D787600BC5D69 /* Constant.swift in Sources */,
				117DC16D2A78BB4100C14E17 /* View+Exts.swift in Sources */,
				11D4B18F2A6A25B1006AD18C /* FoodItemView.swift in Sources */,
				117DC1672A77755A00C14E17 /* CustomImage.swift in Sources */,
				11019BC22A68FEF70023B0B4 /* FoodListView.swift in Sources */,
				117DC1692A777DEB00C14E17 /* FoodItemDetailView.swift in Sources */,
				117DC16B2A77930100C14E17 /* InfoRow.swift in Sources */,
				11B1826F2A679735001CF159 /* My_FavouriteApp.swift in Sources */,
			);
			runOnlyForDeploymentPostprocessing = 0;
		};
/* End PBXSourcesBuildPhase section */

/* Begin XCBuildConfiguration section */
		11B182772A679736001CF159 /* Debug */ = {
			isa = XCBuildConfiguration;
			buildSettings = {
				ALWAYS_SEARCH_USER_PATHS = NO;
				CLANG_ANALYZER_NONNULL = YES;
				CLANG_ANALYZER_NUMBER_OBJECT_CONVERSION = YES_AGGRESSIVE;
				CLANG_CXX_LANGUAGE_STANDARD = "gnu++20";
				CLANG_ENABLE_MODULES = YES;
				CLANG_ENABLE_OBJC_ARC = YES;
				CLANG_ENABLE_OBJC_WEAK = YES;
				CLANG_WARN_BLOCK_CAPTURE_AUTORELEASING = YES;
				CLANG_WARN_BOOL_CONVERSION = YES;
				CLANG_WARN_COMMA = YES;
				CLANG_WARN_CONSTANT_CONVERSION = YES;
				CLANG_WARN_DEPRECATED_OBJC_IMPLEMENTATIONS = YES;
				CLANG_WARN_DIRECT_OBJC_ISA_USAGE = YES_ERROR;
				CLANG_WARN_DOCUMENTATION_COMMENTS = YES;
				CLANG_WARN_EMPTY_BODY = YES;
				CLANG_WARN_ENUM_CONVERSION = YES;
				CLANG_WARN_INFINITE_RECURSION = YES;
				CLANG_WARN_INT_CONVERSION = YES;
				CLANG_WARN_NON_LITERAL_NULL_CONVERSION = YES;
				CLANG_WARN_OBJC_IMPLICIT_RETAIN_SELF = YES;
				CLANG_WARN_OBJC_LITERAL_CONVERSION = YES;
				CLANG_WARN_OBJC_ROOT_CLASS = YES_ERROR;
				CLANG_WARN_QUOTED_INCLUDE_IN_FRAMEWORK_HEADER = YES;
				CLANG_WARN_RANGE_LOOP_ANALYSIS = YES;
				CLANG_WARN_STRICT_PROTOTYPES = YES;
				CLANG_WARN_SUSPICIOUS_MOVE = YES;
				CLANG_WARN_UNGUARDED_AVAILABILITY = YES_AGGRESSIVE;
				CLANG_WARN_UNREACHABLE_CODE = YES;
				CLANG_WARN__DUPLICATE_METHOD_MATCH = YES;
				COPY_PHASE_STRIP = NO;
				DEBUG_INFORMATION_FORMAT = dwarf;
				ENABLE_STRICT_OBJC_MSGSEND = YES;
				ENABLE_TESTABILITY = YES;
				GCC_C_LANGUAGE_STANDARD = gnu11;
				GCC_DYNAMIC_NO_PIC = NO;
				GCC_NO_COMMON_BLOCKS = YES;
				GCC_OPTIMIZATION_LEVEL = 0;
				GCC_PREPROCESSOR_DEFINITIONS = (
					"DEBUG=1",
					"$(inherited)",
				);
				GCC_WARN_64_TO_32_BIT_CONVERSION = YES;
				GCC_WARN_ABOUT_RETURN_TYPE = YES_ERROR;
				GCC_WARN_UNDECLARED_SELECTOR = YES;
				GCC_WARN_UNINITIALIZED_AUTOS = YES_AGGRESSIVE;
				GCC_WARN_UNUSED_FUNCTION = YES;
				GCC_WARN_UNUSED_VARIABLE = YES;
				IPHONEOS_DEPLOYMENT_TARGET = 16.4;
				MTL_ENABLE_DEBUG_INFO = INCLUDE_SOURCE;
				MTL_FAST_MATH = YES;
				ONLY_ACTIVE_ARCH = YES;
				SDKROOT = iphoneos;
				SWIFT_ACTIVE_COMPILATION_CONDITIONS = DEBUG;
				SWIFT_OPTIMIZATION_LEVEL = "-Onone";
			};
			name = Debug;
		};
		11B182782A679736001CF159 /* Release */ = {
			isa = XCBuildConfiguration;
			buildSettings = {
				ALWAYS_SEARCH_USER_PATHS = NO;
				CLANG_ANALYZER_NONNULL = YES;
				CLANG_ANALYZER_NUMBER_OBJECT_CONVERSION = YES_AGGRESSIVE;
				CLANG_CXX_LANGUAGE_STANDARD = "gnu++20";
				CLANG_ENABLE_MODULES = YES;
				CLANG_ENABLE_OBJC_ARC = YES;
				CLANG_ENABLE_OBJC_WEAK = YES;
				CLANG_WARN_BLOCK_CAPTURE_AUTORELEASING = YES;
				CLANG_WARN_BOOL_CONVERSION = YES;
				CLANG_WARN_COMMA = YES;
				CLANG_WARN_CONSTANT_CONVERSION = YES;
				CLANG_WARN_DEPRECATED_OBJC_IMPLEMENTATIONS = YES;
				CLANG_WARN_DIRECT_OBJC_ISA_USAGE = YES_ERROR;
				CLANG_WARN_DOCUMENTATION_COMMENTS = YES;
				CLANG_WARN_EMPTY_BODY = YES;
				CLANG_WARN_ENUM_CONVERSION = YES;
				CLANG_WARN_INFINITE_RECURSION = YES;
				CLANG_WARN_INT_CONVERSION = YES;
				CLANG_WARN_NON_LITERAL_NULL_CONVERSION = YES;
				CLANG_WARN_OBJC_IMPLICIT_RETAIN_SELF = YES;
				CLANG_WARN_OBJC_LITERAL_CONVERSION = YES;
				CLANG_WARN_OBJC_ROOT_CLASS = YES_ERROR;
				CLANG_WARN_QUOTED_INCLUDE_IN_FRAMEWORK_HEADER = YES;
				CLANG_WARN_RANGE_LOOP_ANALYSIS = YES;
				CLANG_WARN_STRICT_PROTOTYPES = YES;
				CLANG_WARN_SUSPICIOUS_MOVE = YES;
				CLANG_WARN_UNGUARDED_AVAILABILITY = YES_AGGRESSIVE;
				CLANG_WARN_UNREACHABLE_CODE = YES;
				CLANG_WARN__DUPLICATE_METHOD_MATCH = YES;
				COPY_PHASE_STRIP = NO;
				DEBUG_INFORMATION_FORMAT = "dwarf-with-dsym";
				ENABLE_NS_ASSERTIONS = NO;
				ENABLE_STRICT_OBJC_MSGSEND = YES;
				GCC_C_LANGUAGE_STANDARD = gnu11;
				GCC_NO_COMMON_BLOCKS = YES;
				GCC_WARN_64_TO_32_BIT_CONVERSION = YES;
				GCC_WARN_ABOUT_RETURN_TYPE = YES_ERROR;
				GCC_WARN_UNDECLARED_SELECTOR = YES;
				GCC_WARN_UNINITIALIZED_AUTOS = YES_AGGRESSIVE;
				GCC_WARN_UNUSED_FUNCTION = YES;
				GCC_WARN_UNUSED_VARIABLE = YES;
				IPHONEOS_DEPLOYMENT_TARGET = 16.4;
				MTL_ENABLE_DEBUG_INFO = NO;
				MTL_FAST_MATH = YES;
				SDKROOT = iphoneos;
				SWIFT_COMPILATION_MODE = wholemodule;
				SWIFT_OPTIMIZATION_LEVEL = "-O";
				VALIDATE_PRODUCT = YES;
			};
			name = Release;
		};
		11B1827A2A679736001CF159 /* Debug */ = {
			isa = XCBuildConfiguration;
			buildSettings = {
				ASSETCATALOG_COMPILER_APPICON_NAME = AppIcon;
				ASSETCATALOG_COMPILER_GLOBAL_ACCENT_COLOR_NAME = AccentColor;
				CODE_SIGN_STYLE = Automatic;
				CURRENT_PROJECT_VERSION = 1;
				DEVELOPMENT_ASSET_PATHS = "\"My Favourite/Preview Content\"";
				DEVELOPMENT_TEAM = 6ML42S8L24;
				ENABLE_PREVIEWS = YES;
				GENERATE_INFOPLIST_FILE = YES;
				INFOPLIST_KEY_UIApplicationSceneManifest_Generation = YES;
				INFOPLIST_KEY_UIApplicationSupportsIndirectInputEvents = YES;
				INFOPLIST_KEY_UILaunchScreen_Generation = YES;
				INFOPLIST_KEY_UILaunchStoryboardName = "Splash Screen.storyboard";
				INFOPLIST_KEY_UISupportedInterfaceOrientations_iPad = "UIInterfaceOrientationPortrait UIInterfaceOrientationPortraitUpsideDown UIInterfaceOrientationLandscapeLeft UIInterfaceOrientationLandscapeRight";
				INFOPLIST_KEY_UISupportedInterfaceOrientations_iPhone = "UIInterfaceOrientationPortrait UIInterfaceOrientationLandscapeLeft UIInterfaceOrientationLandscapeRight";
				LD_RUNPATH_SEARCH_PATHS = (
					"$(inherited)",
					"@executable_path/Frameworks",
				);
				MARKETING_VERSION = 1.0;
				PRODUCT_BUNDLE_IDENTIFIER = "vn.edu.rmit.My-Favourite";
				PRODUCT_NAME = "$(TARGET_NAME)";
				SWIFT_EMIT_LOC_STRINGS = YES;
				SWIFT_VERSION = 5.0;
				TARGETED_DEVICE_FAMILY = "1,2";
			};
			name = Debug;
		};
		11B1827B2A679736001CF159 /* Release */ = {
			isa = XCBuildConfiguration;
			buildSettings = {
				ASSETCATALOG_COMPILER_APPICON_NAME = AppIcon;
				ASSETCATALOG_COMPILER_GLOBAL_ACCENT_COLOR_NAME = AccentColor;
				CODE_SIGN_STYLE = Automatic;
				CURRENT_PROJECT_VERSION = 1;
				DEVELOPMENT_ASSET_PATHS = "\"My Favourite/Preview Content\"";
				DEVELOPMENT_TEAM = 6ML42S8L24;
				ENABLE_PREVIEWS = YES;
				GENERATE_INFOPLIST_FILE = YES;
				INFOPLIST_KEY_UIApplicationSceneManifest_Generation = YES;
				INFOPLIST_KEY_UIApplicationSupportsIndirectInputEvents = YES;
				INFOPLIST_KEY_UILaunchScreen_Generation = YES;
				INFOPLIST_KEY_UILaunchStoryboardName = "Splash Screen.storyboard";
				INFOPLIST_KEY_UISupportedInterfaceOrientations_iPad = "UIInterfaceOrientationPortrait UIInterfaceOrientationPortraitUpsideDown UIInterfaceOrientationLandscapeLeft UIInterfaceOrientationLandscapeRight";
				INFOPLIST_KEY_UISupportedInterfaceOrientations_iPhone = "UIInterfaceOrientationPortrait UIInterfaceOrientationLandscapeLeft UIInterfaceOrientationLandscapeRight";
				LD_RUNPATH_SEARCH_PATHS = (
					"$(inherited)",
					"@executable_path/Frameworks",
				);
				MARKETING_VERSION = 1.0;
				PRODUCT_BUNDLE_IDENTIFIER = "vn.edu.rmit.My-Favourite";
				PRODUCT_NAME = "$(TARGET_NAME)";
				SWIFT_EMIT_LOC_STRINGS = YES;
				SWIFT_VERSION = 5.0;
				TARGETED_DEVICE_FAMILY = "1,2";
			};
			name = Release;
		};
/* End XCBuildConfiguration section */

/* Begin XCConfigurationList section */
		11B182662A679735001CF159 /* Build configuration list for PBXProject "My Favourite" */ = {
			isa = XCConfigurationList;
			buildConfigurations = (
				11B182772A679736001CF159 /* Debug */,
				11B182782A679736001CF159 /* Release */,
			);
			defaultConfigurationIsVisible = 0;
			defaultConfigurationName = Release;
		};
		11B182792A679736001CF159 /* Build configuration list for PBXNativeTarget "My Favourite" */ = {
			isa = XCConfigurationList;
			buildConfigurations = (
				11B1827A2A679736001CF159 /* Debug */,
				11B1827B2A679736001CF159 /* Release */,
			);
			defaultConfigurationIsVisible = 0;
			defaultConfigurationName = Release;
		};
/* End XCConfigurationList section */

/* Begin XCRemoteSwiftPackageReference section */
		116230222D6C83CF006F6B86 /* XCRemoteSwiftPackageReference "WrappingHStack" */ = {
			isa = XCRemoteSwiftPackageReference;
			repositoryURL = "https://github.com/dkk/WrappingHStack";
			requirement = {
				kind = upToNextMajorVersion;
				minimumVersion = 2.2.11;
			};
		};
/* End XCRemoteSwiftPackageReference section */

/* Begin XCSwiftPackageProductDependency section */
		116230232D6C83CF006F6B86 /* WrappingHStack */ = {
			isa = XCSwiftPackageProductDependency;
			package = 116230222D6C83CF006F6B86 /* XCRemoteSwiftPackageReference "WrappingHStack" */;
			productName = WrappingHStack;
		};
/* End XCSwiftPackageProductDependency section */
	};
	rootObject = 11B182632A679735001CF159 /* Project object */;
}
